PODS:
  - ZDUtilComponent (1.0.6):
    - ZDUtilComponent/Categories (= 1.0.6)
    - ZDUtilComponent/Helpers (= 1.0.6)
  - ZDUtilComponent/Categories (1.0.6)
  - ZDUtilComponent/Helpers (1.0.6)

DEPENDENCIES:
  - ZDUtilComponent (from `../`)

EXTERNAL SOURCES:
  ZDUtilComponent:
    :path: "../"

SPEC CHECKSUMS:
  ZDUtilComponent: ed0fc3df2ea8f33436426d0e16974bcf6adb6976

PODFILE CHECKSUM: e110247640cff0278f00db4b75f6c4648ed4549b

COCOAPODS: 1.9.1
